// !$*UTF8*$!
{
	archiveVersion = 1;
	classes = {
	};
	objectVersion = 55;
	objects = {

/* Begin PBXBuildFile section */
		B20506742835A0F90077A04C /* Bundle+Ext.swift in Sources */ = {isa = PBXBuildFile; fileRef = B20506732835A0F90077A04C /* Bundle+Ext.swift */; };
		B27EC4E02819DFA60072F91B /* AppDelegate.swift in Sources */ = {isa = PBXBuildFile; fileRef = B27EC4DF2819DFA60072F91B /* AppDelegate.swift */; };
		B27EC4E22819DFA60072F91B /* SceneDelegate.swift in Sources */ = {isa = PBXBuildFile; fileRef = B27EC4E12819DFA60072F91B /* SceneDelegate.swift */; };
		B27EC4E42819DFA60072F91B /* ViewController.swift in Sources */ = {isa = PBXBuildFile; fileRef = B27EC4E32819DFA60072F91B /* ViewController.swift */; };
		B27EC4E72819DFA60072F91B /* Main.storyboard in Resources */ = {isa = PBXBuildFile; fileRef = B27EC4E52819DFA60072F91B /* Main.storyboard */; };
		B27EC4E92819DFA70072F91B /* Assets.xcassets in Resources */ = {isa = PBXBuildFile; fileRef = B27EC4E82819DFA70072F91B /* Assets.xcassets */; };
		B27EC4EC2819DFA70072F91B /* LaunchScreen.storyboard in Resources */ = {isa = PBXBuildFile; fileRef = B27EC4EA2819DFA70072F91B /* LaunchScreen.storyboard */; };
		B2AE8D1B28227E9C00836F74 /* data.json in Resources */ = {isa = PBXBuildFile; fileRef = B2AE8D1A28227E9C00836F74 /* data.json */; };
		B2AE8D2028227FD200836F74 /* CountryModel.swift in Sources */ = {isa = PBXBuildFile; fileRef = B2AE8D1F28227FD200836F74 /* CountryModel.swift */; };
		B2BC3315281A99B3000561DE /* CountryTableViewCell.swift in Sources */ = {isa = PBXBuildFile; fileRef = B2BC3314281A99B3000561DE /* CountryTableViewCell.swift */; };
		B2BC3317281AE027000561DE /* CountryDetailTableVC.swift in Sources */ = {isa = PBXBuildFile; fileRef = B2BC3316281AE027000561DE /* CountryDetailTableVC.swift */; };
/* End PBXBuildFile section */

/* Begin PBXFileReference section */
		B20506732835A0F90077A04C /* Bundle+Ext.swift */ = {isa = PBXFileReference; lastKnownFileType = sourcecode.swift; path = "Bundle+Ext.swift"; sourceTree = "<group>"; };
		B27EC4DC2819DFA60072F91B /* Laender-App.app */ = {isa = PBXFileReference; explicitFileType = wrapper.application; includeInIndex = 0; path = "Laender-App.app"; sourceTree = BUILT_PRODUCTS_DIR; };
		B27EC4DF2819DFA60072F91B /* AppDelegate.swift */ = {isa = PBXFileReference; lastKnownFileType = sourcecode.swift; path = AppDelegate.swift; sourceTree = "<group>"; };
		B27EC4E12819DFA60072F91B /* SceneDelegate.swift */ = {isa = PBXFileReference; lastKnownFileType = sourcecode.swift; path = SceneDelegate.swift; sourceTree = "<group>"; };
		B27EC4E32819DFA60072F91B /* ViewController.swift */ = {isa = PBXFileReference; lastKnownFileType = sourcecode.swift; path = ViewController.swift; sourceTree = "<group>"; };
		B27EC4E62819DFA60072F91B /* Base */ = {isa = PBXFileReference; lastKnownFileType = file.storyboard; name = Base; path = Base.lproj/Main.storyboard; sourceTree = "<group>"; };
		B27EC4E82819DFA70072F91B /* Assets.xcassets */ = {isa = PBXFileReference; lastKnownFileType = folder.assetcatalog; path = Assets.xcassets; sourceTree = "<group>"; };
		B27EC4EB2819DFA70072F91B /* Base */ = {isa = PBXFileReference; lastKnownFileType = file.storyboard; name = Base; path = Base.lproj/LaunchScreen.storyboard; sourceTree = "<group>"; };
		B27EC4ED2819DFA70072F91B /* Info.plist */ = {isa = PBXFileReference; lastKnownFileType = text.plist.xml; path = Info.plist; sourceTree = "<group>"; };
		B2AE8D1A28227E9C00836F74 /* data.json */ = {isa = PBXFileReference; fileEncoding = 4; lastKnownFileType = text.json; path = data.json; sourceTree = "<group>"; };
		B2AE8D1F28227FD200836F74 /* CountryModel.swift */ = {isa = PBXFileReference; lastKnownFileType = sourcecode.swift; path = CountryModel.swift; sourceTree = "<group>"; };
		B2BC3314281A99B3000561DE /* CountryTableViewCell.swift */ = {isa = PBXFileReference; lastKnownFileType = sourcecode.swift; path = CountryTableViewCell.swift; sourceTree = "<group>"; };
		B2BC3316281AE027000561DE /* CountryDetailTableVC.swift */ = {isa = PBXFileReference; lastKnownFileType = sourcecode.swift; path = CountryDetailTableVC.swift; sourceTree = "<group>"; };
/* End PBXFileReference section */

/* Begin PBXFrameworksBuildPhase section */
		B27EC4D92819DFA60072F91B /* Frameworks */ = {
			isa = PBXFrameworksBuildPhase;
			buildActionMask = 2147483647;
			files = (
			);
			runOnlyForDeploymentPostprocessing = 0;
		};
/* End PBXFrameworksBuildPhase section */

/* Begin PBXGroup section */
		B20506722835A0D10077A04C /* Extensions */ = {
			isa = PBXGroup;
			children = (
				B20506732835A0F90077A04C /* Bundle+Ext.swift */,
			);
			path = Extensions;
			sourceTree = "<group>";
		};
		B27EC4D32819DFA60072F91B = {
			isa = PBXGroup;
			children = (
				B27EC4DE2819DFA60072F91B /* Laender-App */,
				B27EC4DD2819DFA60072F91B /* Products */,
			);
			sourceTree = "<group>";
		};
		B27EC4DD2819DFA60072F91B /* Products */ = {
			isa = PBXGroup;
			children = (
				B27EC4DC2819DFA60072F91B /* Laender-App.app */,
			);
			name = Products;
			sourceTree = "<group>";
		};
		B27EC4DE2819DFA60072F91B /* Laender-App */ = {
			isa = PBXGroup;
			children = (
				B27EC4DF2819DFA60072F91B /* AppDelegate.swift */,
				B27EC4E12819DFA60072F91B /* SceneDelegate.swift */,
				B20506722835A0D10077A04C /* Extensions */,
				B2AE8D1C28227F2A00836F74 /* Controller */,
				B2AE8D1D28227F5900836F74 /* View */,
				B2AE8D1E28227F6400836F74 /* Model */,
				B27EC4E82819DFA70072F91B /* Assets.xcassets */,
				B27EC4ED2819DFA70072F91B /* Info.plist */,
			);
			path = "Laender-App";
			sourceTree = "<group>";
		};
		B2AE8D1C28227F2A00836F74 /* Controller */ = {
			isa = PBXGroup;
			children = (
				B27EC4E32819DFA60072F91B /* ViewController.swift */,
				B2BC3316281AE027000561DE /* CountryDetailTableVC.swift */,
			);
			path = Controller;
			sourceTree = "<group>";
		};
		B2AE8D1D28227F5900836F74 /* View */ = {
			isa = PBXGroup;
			children = (
				B2BC3314281A99B3000561DE /* CountryTableViewCell.swift */,
				B27EC4E52819DFA60072F91B /* Main.storyboard */,
				B27EC4EA2819DFA70072F91B /* LaunchScreen.storyboard */,
			);
			path = View;
			sourceTree = "<group>";
		};
		B2AE8D1E28227F6400836F74 /* Model */ = {
			isa = PBXGroup;
			children = (
				B2AE8D1A28227E9C00836F74 /* data.json */,
				B2AE8D1F28227FD200836F74 /* CountryModel.swift */,
			);
			path = Model;
			sourceTree = "<group>";
		};
/* End PBXGroup section */

/* Begin PBXNativeTarget section */
		B27EC4DB2819DFA60072F91B /* Laender-App */ = {
			isa = PBXNativeTarget;
			buildConfigurationList = B27EC4F02819DFA70072F91B /* Build configuration list for PBXNativeTarget "Laender-App" */;
			buildPhases = (
				B27EC4D82819DFA60072F91B /* Sources */,
				B27EC4D92819DFA60072F91B /* Frameworks */,
				B27EC4DA2819DFA60072F91B /* Resources */,
			);
			buildRules = (
			);
			dependencies = (
			);
			name = "Laender-App";
			productName = "Laender-App";
			productReference = B27EC4DC2819DFA60072F91B /* Laender-App.app */;
			productType = "com.apple.product-type.application";
		};
/* End PBXNativeTarget section */

/* Begin PBXProject section */
		B27EC4D42819DFA60072F91B /* Project object */ = {
			isa = PBXProject;
			attributes = {
				BuildIndependentTargetsInParallel = 1;
				LastSwiftUpdateCheck = 1320;
				LastUpgradeCheck = 1320;
				TargetAttributes = {
					B27EC4DB2819DFA60072F91B = {
						CreatedOnToolsVersion = 13.2.1;
					};
				};
			};
			buildConfigurationList = B27EC4D72819DFA60072F91B /* Build configuration list for PBXProject "Laender-App" */;
			compatibilityVersion = "Xcode 13.0";
			developmentRegion = en;
			hasScannedForEncodings = 0;
			knownRegions = (
				en,
				Base,
			);
			mainGroup = B27EC4D32819DFA60072F91B;
			productRefGroup = B27EC4DD2819DFA60072F91B /* Products */;
			projectDirPath = "";
			projectRoot = "";
			targets = (
				B27EC4DB2819DFA60072F91B /* Laender-App */,
			);
		};
/* End PBXProject section */

/* Begin PBXResourcesBuildPhase section */
		B27EC4DA2819DFA60072F91B /* Resources */ = {
			isa = PBXResourcesBuildPhase;
			buildActionMask = 2147483647;
			files = (
				B27EC4EC2819DFA70072F91B /* LaunchScreen.storyboard in Resources */,
				B27EC4E92819DFA70072F91B /* Assets.xcassets in Resources */,
				B27EC4E72819DFA60072F91B /* Main.storyboard in Resources */,
				B2AE8D1B28227E9C00836F74 /* data.json in Resources */,
			);
			runOnlyForDeploymentPostprocessing = 0;
		};
/* End PBXResourcesBuildPhase section */

/* Begin PBXSourcesBuildPhase section */
		B27EC4D82819DFA60072F91B /* Sources */ = {
			isa = PBXSourcesBuildPhase;
			buildActionMask = 2147483647;
			files = (
				B20506742835A0F90077A04C /* Bundle+Ext.swift in Sources */,
				B2BC3315281A99B3000561DE /* CountryTableViewCell.swift in Sources */,
				B2BC3317281AE027000561DE /* CountryDetailTableVC.swift in Sources */,
				B2AE8D2028227FD200836F74 /* CountryModel.swift in Sources */,
				B27EC4E42819DFA60072F91B /* ViewController.swift in Sources */,
				B27EC4E02819DFA60072F91B /* AppDelegate.swift in Sources */,
				B27EC4E22819DFA60072F91B /* SceneDelegate.swift in Sources */,
			);
			runOnlyForDeploymentPostprocessing = 0;
		};
/* End PBXSourcesBuildPhase section */

/* Begin PBXVariantGroup section */
		B27EC4E52819DFA60072F91B /* Main.storyboard */ = {
			isa = PBXVariantGroup;
			children = (
				B27EC4E62819DFA60072F91B /* Base */,
			);
			name = Main.storyboard;
			sourceTree = "<group>";
		};
		B27EC4EA2819DFA70072F91B /* LaunchScreen.storyboard */ = {
			isa = PBXVariantGroup;
			children = (
				B27EC4EB2819DFA70072F91B /* Base */,
			);
			name = LaunchScreen.storyboard;
			sourceTree = "<group>";
		};
/* End PBXVariantGroup section */

/* Begin XCBuildConfiguration section */
		B27EC4EE2819DFA70072F91B /* Debug */ = {
			isa = XCBuildConfiguration;
			buildSettings = {
				ALWAYS_SEARCH_USER_PATHS = NO;
				CLANG_ANALYZER_NONNULL = YES;
				CLANG_ANALYZER_NUMBER_OBJECT_CONVERSION = YES_AGGRESSIVE;
				CLANG_CXX_LANGUAGE_STANDARD = "gnu++17";
				CLANG_CXX_LIBRARY = "libc++";
				CLANG_ENABLE_MODULES = YES;
				CLANG_ENABLE_OBJC_ARC = YES;
				CLANG_ENABLE_OBJC_WEAK = YES;
				CLANG_WARN_BLOCK_CAPTURE_AUTORELEASING = YES;
				CLANG_WARN_BOOL_CONVERSION = YES;
				CLANG_WARN_COMMA = YES;
				CLANG_WARN_CONSTANT_CONVERSION = YES;
				CLANG_WARN_DEPRECATED_OBJC_IMPLEMENTATIONS = YES;
				CLANG_WARN_DIRECT_OBJC_ISA_USAGE = YES_ERROR;
				CLANG_WARN_DOCUMENTATION_COMMENTS = YES;
				CLANG_WARN_EMPTY_BODY = YES;
				CLANG_WARN_ENUM_CONVERSION = YES;
				CLANG_WARN_INFINITE_RECURSION = YES;
				CLANG_WARN_INT_CONVERSION = YES;
				CLANG_WARN_NON_LITERAL_NULL_CONVERSION = YES;
				CLANG_WARN_OBJC_IMPLICIT_RETAIN_SELF = YES;
				CLANG_WARN_OBJC_LITERAL_CONVERSION = YES;
				CLANG_WARN_OBJC_ROOT_CLASS = YES_ERROR;
				CLANG_WARN_QUOTED_INCLUDE_IN_FRAMEWORK_HEADER = YES;
				CLANG_WARN_RANGE_LOOP_ANALYSIS = YES;
				CLANG_WARN_STRICT_PROTOTYPES = YES;
				CLANG_WARN_SUSPICIOUS_MOVE = YES;
				CLANG_WARN_UNGUARDED_AVAILABILITY = YES_AGGRESSIVE;
				CLANG_WARN_UNREACHABLE_CODE = YES;
				CLANG_WARN__DUPLICATE_METHOD_MATCH = YES;
				COPY_PHASE_STRIP = NO;
				DEBUG_INFORMATION_FORMAT = dwarf;
				ENABLE_STRICT_OBJC_MSGSEND = YES;
				ENABLE_TESTABILITY = YES;
				GCC_C_LANGUAGE_STANDARD = gnu11;
				GCC_DYNAMIC_NO_PIC = NO;
				GCC_NO_COMMON_BLOCKS = YES;
				GCC_OPTIMIZATION_LEVEL = 0;
				GCC_PREPROCESSOR_DEFINITIONS = (
					"DEBUG=1",
					"$(inherited)",
				);
				GCC_WARN_64_TO_32_BIT_CONVERSION = YES;
				GCC_WARN_ABOUT_RETURN_TYPE = YES_ERROR;
				GCC_WARN_UNDECLARED_SELECTOR = YES;
				GCC_WARN_UNINITIALIZED_AUTOS = YES_AGGRESSIVE;
				GCC_WARN_UNUSED_FUNCTION = YES;
				GCC_WARN_UNUSED_VARIABLE = YES;
				IPHONEOS_DEPLOYMENT_TARGET = 15.2;
				MTL_ENABLE_DEBUG_INFO = INCLUDE_SOURCE;
				MTL_FAST_MATH = YES;
				ONLY_ACTIVE_ARCH = YES;
				SDKROOT = iphoneos;
				SWIFT_ACTIVE_COMPILATION_CONDITIONS = DEBUG;
				SWIFT_OPTIMIZATION_LEVEL = "-Onone";
			};
			name = Debug;
		};
		B27EC4EF2819DFA70072F91B /* Release */ = {
			isa = XCBuildConfiguration;
			buildSettings = {
				ALWAYS_SEARCH_USER_PATHS = NO;
				CLANG_ANALYZER_NONNULL = YES;
				CLANG_ANALYZER_NUMBER_OBJECT_CONVERSION = YES_AGGRESSIVE;
				CLANG_CXX_LANGUAGE_STANDARD = "gnu++17";
				CLANG_CXX_LIBRARY = "libc++";
				CLANG_ENABLE_MODULES = YES;
				CLANG_ENABLE_OBJC_ARC = YES;
				CLANG_ENABLE_OBJC_WEAK = YES;
				CLANG_WARN_BLOCK_CAPTURE_AUTORELEASING = YES;
				CLANG_WARN_BOOL_CONVERSION = YES;
				CLANG_WARN_COMMA = YES;
				CLANG_WARN_CONSTANT_CONVERSION = YES;
				CLANG_WARN_DEPRECATED_OBJC_IMPLEMENTATIONS = YES;
				CLANG_WARN_DIRECT_OBJC_ISA_USAGE = YES_ERROR;
				CLANG_WARN_DOCUMENTATION_COMMENTS = YES;
				CLANG_WARN_EMPTY_BODY = YES;
				CLANG_WARN_ENUM_CONVERSION = YES;
				CLANG_WARN_INFINITE_RECURSION = YES;
				CLANG_WARN_INT_CONVERSION = YES;
				CLANG_WARN_NON_LITERAL_NULL_CONVERSION = YES;
				CLANG_WARN_OBJC_IMPLICIT_RETAIN_SELF = YES;
				CLANG_WARN_OBJC_LITERAL_CONVERSION = YES;
				CLANG_WARN_OBJC_ROOT_CLASS = YES_ERROR;
				CLANG_WARN_QUOTED_INCLUDE_IN_FRAMEWORK_HEADER = YES;
				CLANG_WARN_RANGE_LOOP_ANALYSIS = YES;
				CLANG_WARN_STRICT_PROTOTYPES = YES;
				CLANG_WARN_SUSPICIOUS_MOVE = YES;
				CLANG_WARN_UNGUARDED_AVAILABILITY = YES_AGGRESSIVE;
				CLANG_WARN_UNREACHABLE_CODE = YES;
				CLANG_WARN__DUPLICATE_METHOD_MATCH = YES;
				COPY_PHASE_STRIP = NO;
				DEBUG_INFORMATION_FORMAT = "dwarf-with-dsym";
				ENABLE_NS_ASSERTIONS = NO;
				ENABLE_STRICT_OBJC_MSGSEND = YES;
				GCC_C_LANGUAGE_STANDARD = gnu11;
				GCC_NO_COMMON_BLOCKS = YES;
				GCC_WARN_64_TO_32_BIT_CONVERSION = YES;
				GCC_WARN_ABOUT_RETURN_TYPE = YES_ERROR;
				GCC_WARN_UNDECLARED_SELECTOR = YES;
				GCC_WARN_UNINITIALIZED_AUTOS = YES_AGGRESSIVE;
				GCC_WARN_UNUSED_FUNCTION = YES;
				GCC_WARN_UNUSED_VARIABLE = YES;
				IPHONEOS_DEPLOYMENT_TARGET = 15.2;
				MTL_ENABLE_DEBUG_INFO = NO;
				MTL_FAST_MATH = YES;
				SDKROOT = iphoneos;
				SWIFT_COMPILATION_MODE = wholemodule;
				SWIFT_OPTIMIZATION_LEVEL = "-O";
				VALIDATE_PRODUCT = YES;
			};
			name = Release;
		};
		B27EC4F12819DFA70072F91B /* Debug */ = {
			isa = XCBuildConfiguration;
			buildSettings = {
				ASSETCATALOG_COMPILER_APPICON_NAME = AppIcon;
				ASSETCATALOG_COMPILER_GLOBAL_ACCENT_COLOR_NAME = AccentColor;
				CODE_SIGN_STYLE = Automatic;
				CURRENT_PROJECT_VERSION = 1;
				DEVELOPMENT_TEAM = 7BW2PQ6NYF;
				GENERATE_INFOPLIST_FILE = YES;
				INFOPLIST_FILE = "Laender-App/Info.plist";
				INFOPLIST_KEY_UIApplicationSupportsIndirectInputEvents = YES;
				INFOPLIST_KEY_UILaunchStoryboardName = LaunchScreen;
				INFOPLIST_KEY_UIMainStoryboardFile = Main;
				INFOPLIST_KEY_UISupportedInterfaceOrientations_iPad = "UIInterfaceOrientationPortrait UIInterfaceOrientationPortraitUpsideDown UIInterfaceOrientationLandscapeLeft UIInterfaceOrientationLandscapeRight";
				INFOPLIST_KEY_UISupportedInterfaceOrientations_iPhone = "UIInterfaceOrientationPortrait UIInterfaceOrientationLandscapeLeft UIInterfaceOrientationLandscapeRight";
				LD_RUNPATH_SEARCH_PATHS = (
					"$(inherited)",
					"@executable_path/Frameworks",
				);
				MARKETING_VERSION = 1.0;
				PRODUCT_BUNDLE_IDENTIFIER = "com.ks.Laender-App";
				PRODUCT_NAME = "$(TARGET_NAME)";
				SWIFT_EMIT_LOC_STRINGS = YES;
				SWIFT_VERSION = 5.0;
				TARGETED_DEVICE_FAMILY = "1,2";
			};
			name = Debug;
		};
		B27EC4F22819DFA70072F91B /* Release */ = {
			isa = XCBuildConfiguration;
			buildSettings = {
				ASSETCATALOG_COMPILER_APPICON_NAME = AppIcon;
				ASSETCATALOG_COMPILER_GLOBAL_ACCENT_COLOR_NAME = AccentColor;
				CODE_SIGN_STYLE = Automatic;
				CURRENT_PROJECT_VERSION = 1;
				DEVELOPMENT_TEAM = 7BW2PQ6NYF;
				GENERATE_INFOPLIST_FILE = YES;
				INFOPLIST_FILE = "Laender-App/Info.plist";
				INFOPLIST_KEY_UIApplicationSupportsIndirectInputEvents = YES;
				INFOPLIST_KEY_UILaunchStoryboardName = LaunchScreen;
				INFOPLIST_KEY_UIMainStoryboardFile = Main;
				INFOPLIST_KEY_UISupportedInterfaceOrientations_iPad = "UIInterfaceOrientationPortrait UIInterfaceOrientationPortraitUpsideDown UIInterfaceOrientationLandscapeLeft UIInterfaceOrientationLandscapeRight";
				INFOPLIST_KEY_UISupportedInterfaceOrientations_iPhone = "UIInterfaceOrientationPortrait UIInterfaceOrientationLandscapeLeft UIInterfaceOrientationLandscapeRight";
				LD_RUNPATH_SEARCH_PATHS = (
					"$(inherited)",
					"@executable_path/Frameworks",
				);
				MARKETING_VERSION = 1.0;
				PRODUCT_BUNDLE_IDENTIFIER = "com.ks.Laender-App";
				PRODUCT_NAME = "$(TARGET_NAME)";
				SWIFT_EMIT_LOC_STRINGS = YES;
				SWIFT_VERSION = 5.0;
				TARGETED_DEVICE_FAMILY = "1,2";
			};
			name = Release;
		};
/* End XCBuildConfiguration section */

/* Begin XCConfigurationList section */
		B27EC4D72819DFA60072F91B /* Build configuration list for PBXProject "Laender-App" */ = {
			isa = XCConfigurationList;
			buildConfigurations = (
				B27EC4EE2819DFA70072F91B /* Debug */,
				B27EC4EF2819DFA70072F91B /* Release */,
			);
			defaultConfigurationIsVisible = 0;
			defaultConfigurationName = Release;
		};
		B27EC4F02819DFA70072F91B /* Build configuration list for PBXNativeTarget "Laender-App" */ = {
			isa = XCConfigurationList;
			buildConfigurations = (
				B27EC4F12819DFA70072F91B /* Debug */,
				B27EC4F22819DFA70072F91B /* Release */,
			);
			defaultConfigurationIsVisible = 0;
			defaultConfigurationName = Release;
		};
/* End XCConfigurationList section */
	};
	rootObject = B27EC4D42819DFA60072F91B /* Project object */;
}
